
Microsoft Visual Studio Solution File, Format Version 12.00
Project("{FAE04EC0-301F-11D3-BF4B-00C04F79EFBC}") = "WinDCNWCore", "WinDCNWCore\WinDCNWCore.csproj", "{7F3D4430-B7EA-4986-9452-E27E8B0A5792}"
EndProject
Global
	GlobalSection(SolutionConfigurationPlatforms) = preSolution
		Debug|Any CPU = Debug|Any CPU
		Release|Any CPU = Release|Any CPU
	EndGlobalSection
	GlobalSection(ProjectConfigurationPlatforms) = postSolution
		{7F3D4430-B7EA-4986-9452-E27E8B0A5792}.Debug|Any CPU.ActiveCfg = Debug|Any CPU
		{7F3D4430-B7EA-4986-9452-E27E8B0A5792}.Debug|Any CPU.Build.0 = Debug|Any CPU
		{7F3D4430-B7EA-4986-9452-E27E8B0A5792}.Release|Any CPU.ActiveCfg = Release|Any CPU
		{7F3D4430-B7EA-4986-9452-E27E8B0A5792}.Release|Any CPU.Build.0 = Release|Any CPU
	EndGlobalSection
EndGlobal
